
Microsoft Visual Studio Solution File, Format Version 12.00
# Visual Studio 15
VisualStudioVersion = 15.0.27004.2006
MinimumVisualStudioVersion = 10.0.40219.1
Project("{FAE04EC0-301F-11D3-BF4B-00C04F79EFBC}") = "MVC_SASS", "MVC_SASS\MVC_SASS.csproj", "{119AFB34-0115-4AF6-95DF-5179C91F74A0}"
EndProject
Project("{FAE04EC0-301F-11D3-BF4B-00C04F79EFBC}") = "MVC_SASS.Tests", "MVC_SASS.Tests\MVC_SASS.Tests.csproj", "{307AAC81-BA0F-4847-BE40-D4827A97E818}"
EndProject
Global
	GlobalSection(SolutionConfigurationPlatforms) = preSolution
		Debug|Any CPU = Debug|Any CPU
		Release|Any CPU = Release|Any CPU
	EndGlobalSection
	GlobalSection(ProjectConfigurationPlatforms) = postSolution
		{119AFB34-0115-4AF6-95DF-5179C91F74A0}.Debug|Any CPU.ActiveCfg = Debug|Any CPU
		{119AFB34-0115-4AF6-95DF-5179C91F74A0}.Debug|Any CPU.Build.0 = Debug|Any CPU
		{119AFB34-0115-4AF6-95DF-5179C91F74A0}.Release|Any CPU.ActiveCfg = Release|Any CPU
		{119AFB34-0115-4AF6-95DF-5179C91F74A0}.Release|Any CPU.Build.0 = Release|Any CPU
		{307AAC81-BA0F-4847-BE40-D4827A97E818}.Debug|Any CPU.ActiveCfg = Debug|Any CPU
		{307AAC81-BA0F-4847-BE40-D4827A97E818}.Debug|Any CPU.Build.0 = Debug|Any CPU
		{307AAC81-BA0F-4847-BE40-D4827A97E818}.Release|Any CPU.ActiveCfg = Release|Any CPU
		{307AAC81-BA0F-4847-BE40-D4827A97E818}.Release|Any CPU.Build.0 = Release|Any CPU
	EndGlobalSection
	GlobalSection(SolutionProperties) = preSolution
		HideSolutionNode = FALSE
	EndGlobalSection
	GlobalSection(ExtensibilityGlobals) = postSolution
		SolutionGuid = {6B4D4F21-8FCD-4FA8-99A9-E147E886DFE6}
	EndGlobalSection
EndGlobal
